
Microsoft Visual Studio Solution File, Format Version 12.00
Project("{FAE04EC0-301F-11D3-BF4B-00C04F79EFBC}") = "UnitTestProjectXUnit", "UnitTestProjectXUnit\UnitTestProjectXUnit.csproj", "{7A47061D-B25A-4AB5-B4F0-A217DF304121}"
EndProject
Project("{FAE04EC0-301F-11D3-BF4B-00C04F79EFBC}") = "UnitTestProjectXUnitWithMoq", "UnitTestProjectXUnitWithMoq\UnitTestProjectXUnitWithMoq.csproj", "{C36B61C3-85CD-4B77-85AB-3D3ED4B29C93}"
EndProject
Global
	GlobalSection(SolutionConfigurationPlatforms) = preSolution
		Debug|Any CPU = Debug|Any CPU
		Release|Any CPU = Release|Any CPU
	EndGlobalSection
	GlobalSection(ProjectConfigurationPlatforms) = postSolution
		{7A47061D-B25A-4AB5-B4F0-A217DF304121}.Debug|Any CPU.ActiveCfg = Debug|Any CPU
		{7A47061D-B25A-4AB5-B4F0-A217DF304121}.Debug|Any CPU.Build.0 = Debug|Any CPU
		{7A47061D-B25A-4AB5-B4F0-A217DF304121}.Release|Any CPU.ActiveCfg = Release|Any CPU
		{7A47061D-B25A-4AB5-B4F0-A217DF304121}.Release|Any CPU.Build.0 = Release|Any CPU
		{C36B61C3-85CD-4B77-85AB-3D3ED4B29C93}.Debug|Any CPU.ActiveCfg = Debug|Any CPU
		{C36B61C3-85CD-4B77-85AB-3D3ED4B29C93}.Debug|Any CPU.Build.0 = Debug|Any CPU
		{C36B61C3-85CD-4B77-85AB-3D3ED4B29C93}.Release|Any CPU.ActiveCfg = Release|Any CPU
		{C36B61C3-85CD-4B77-85AB-3D3ED4B29C93}.Release|Any CPU.Build.0 = Release|Any CPU
	EndGlobalSection
EndGlobal
